<?xml version="1.0" encoding="utf-8"?>
<Project ToolsVersion="4.0" xmlns="http://schemas.microsoft.com/developer/msbuild/2003">
  <ItemGroup>
    <Filter Include="Source Files">
      <UniqueIdentifier>{4FC737F1-C7A5-4376-A066-2A32D752A2FF}</UniqueIdentifier>
      <Extensions>cpp;c;cc;cxx;def;odl;idl;hpj;bat;asm;asmx</Extensions>
    </Filter>
    <Filter Include="Header Files">
      <UniqueIdentifier>{93995380-89BD-4b04-88EB-625FBE52EBFB}</UniqueIdentifier>
      <Extensions>h;hpp;hxx;hm;inl;inc;xsd</Extensions>
    </Filter>
    <Filter Include="HalfEdge">
      <UniqueIdentifier>{cab0a920-6f24-475a-b803-6c528f1217b7}</UniqueIdentifier>
    </Filter>
    <Filter Include="GA">
      <UniqueIdentifier>{623d738d-47b3-4459-84d0-c9ab4c1c2ff1}</UniqueIdentifier>
    </Filter>
  </ItemGroup>
  <ItemGroup>
    <None Include="ReadMe.txt" />
  </ItemGroup>
  <ItemGroup>
    <ClInclude Include="HalfEdge\Edge.h">
      <Filter>HalfEdge</Filter>
    </ClInclude>
    <ClInclude Include="HalfEdge\Face.h">
      <Filter>HalfEdge</Filter>
    </ClInclude>
    <ClInclude Include="HalfEdge\Mesh.h">
      <Filter>HalfEdge</Filter>
    </ClInclude>
    <ClInclude Include="HalfEdge\util.h">
      <Filter>HalfEdge</Filter>
    </ClInclude>
    <ClInclude Include="HalfEdge\Vertex.h">
      <Filter>HalfEdge</Filter>
    </ClInclude>
    <ClInclude Include="GA\c2ga.h">
      <Filter>GA</Filter>
    </ClInclude>
    <ClInclude Include="GA\c2ga_draw.h">
      <Filter>GA</Filter>
    </ClInclude>
    <ClInclude Include="GA\c2ga_parse.h">
      <Filter>GA</Filter>
    </ClInclude>
    <ClInclude Include="GA\c2ga_util.h">
      <Filter>GA</Filter>
    </ClInclude>
    <ClInclude Include="GA\c2gatoc3ga.h">
      <Filter>GA</Filter>
    </ClInclude>
    <ClInclude Include="GA\c3ga.h">
      <Filter>GA</Filter>
    </ClInclude>
    <ClInclude Include="GA\c3ga_draw.h">
      <Filter>GA</Filter>
    </ClInclude>
    <ClInclude Include="GA\c3ga_util.h">
      <Filter>GA</Filter>
    </ClInclude>
    <ClInclude Include="GA\common.h">
      <Filter>GA</Filter>
    </ClInclude>
    <ClInclude Include="GA\draw.h">
      <Filter>GA</Filter>
    </ClInclude>
    <ClInclude Include="GA\e2ga.h">
      <Filter>GA</Filter>
    </ClInclude>
    <ClInclude Include="GA\e2ga_draw.h">
      <Filter>GA</Filter>
    </ClInclude>
    <ClInclude Include="GA\e2ga_util.h">
      <Filter>GA</Filter>
    </ClInclude>
    <ClInclude Include="GA\e3ga.h">
      <Filter>GA</Filter>
    </ClInclude>
    <ClInclude Include="GA\e3ga_draw.h">
      <Filter>GA</Filter>
    </ClInclude>
    <ClInclude Include="GA\e3ga_util.h">
      <Filter>GA</Filter>
    </ClInclude>
    <ClInclude Include="GA\gabits.h">
      <Filter>GA</Filter>
    </ClInclude>
    <ClInclude Include="GA\geosphere.h">
      <Filter>GA</Filter>
    </ClInclude>
    <ClInclude Include="GA\gl_util.h">
      <Filter>GA</Filter>
    </ClInclude>
    <ClInclude Include="GA\glut_util.h">
      <Filter>GA</Filter>
    </ClInclude>
    <ClInclude Include="GA\h3ga.h">
      <Filter>GA</Filter>
    </ClInclude>
    <ClInclude Include="GA\h3ga_draw.h">
      <Filter>GA</Filter>
    </ClInclude>
    <ClInclude Include="GA\h3ga_util.h">
      <Filter>GA</Filter>
    </ClInclude>
    <ClInclude Include="GA\mv_analyze.h">
      <Filter>GA</Filter>
    </ClInclude>
    <ClInclude Include="GA\mvtypebase.h">
      <Filter>GA</Filter>
    </ClInclude>
    <ClInclude Include="GA\timing.h">
      <Filter>GA</Filter>
    </ClInclude>
    <ClInclude Include="GARotorEstimator.h">
      <Filter>Header Files</Filter>
    </ClInclude>
    <ClInclude Include="gahelper.h">
      <Filter>Header Files</Filter>
    </ClInclude>
    <ClInclude Include="Laplacian.h">
      <Filter>Header Files</Filter>
    </ClInclude>
    <ClInclude Include="primitivedraw.h">
      <Filter>Header Files</Filter>
    </ClInclude>
  </ItemGroup>
  <ItemGroup>
    <ClCompile Include="Flatten.cpp">
      <Filter>Source Files</Filter>
    </ClCompile>
    <ClCompile Include="HalfEdge\Mesh.cpp">
      <Filter>HalfEdge</Filter>
    </ClCompile>
    <ClCompile Include="GA\c2ga.cpp">
      <Filter>GA</Filter>
    </ClCompile>
    <ClCompile Include="GA\c2ga_draw.cpp">
      <Filter>GA</Filter>
    </ClCompile>
    <ClCompile Include="GA\c2ga_util.cpp">
      <Filter>GA</Filter>
    </ClCompile>
    <ClCompile Include="GA\c2gatoc3ga.cpp">
      <Filter>GA</Filter>
    </ClCompile>
    <ClCompile Include="GA\c3ga.cpp">
      <Filter>GA</Filter>
    </ClCompile>
    <ClCompile Include="GA\c3ga_draw.cpp">
      <Filter>GA</Filter>
    </ClCompile>
    <ClCompile Include="GA\c3ga_util.cpp">
      <Filter>GA</Filter>
    </ClCompile>
    <ClCompile Include="GA\draw.cpp">
      <Filter>GA</Filter>
    </ClCompile>
    <ClCompile Include="GA\e2ga.cpp">
      <Filter>GA</Filter>
    </ClCompile>
    <ClCompile Include="GA\e2ga_draw.cpp">
      <Filter>GA</Filter>
    </ClCompile>
    <ClCompile Include="GA\e3ga.cpp">
      <Filter>GA</Filter>
    </ClCompile>
    <ClCompile Include="GA\e3ga_draw.cpp">
      <Filter>GA</Filter>
    </ClCompile>
    <ClCompile Include="GA\e3ga_util.cpp">
      <Filter>GA</Filter>
    </ClCompile>
    <ClCompile Include="GA\geosphere.cpp">
      <Filter>GA</Filter>
    </ClCompile>
    <ClCompile Include="GA\gl_util.cpp">
      <Filter>GA</Filter>
    </ClCompile>
    <ClCompile Include="GA\glut_util.cpp">
      <Filter>GA</Filter>
    </ClCompile>
    <ClCompile Include="GA\h3ga.cpp">
      <Filter>GA</Filter>
    </ClCompile>
    <ClCompile Include="GA\h3ga_draw.cpp">
      <Filter>GA</Filter>
    </ClCompile>
    <ClCompile Include="GA\h3ga_util.cpp">
      <Filter>GA</Filter>
    </ClCompile>
    <ClCompile Include="GA\mv_analyze.cpp">
      <Filter>GA</Filter>
    </ClCompile>
    <ClCompile Include="GA\mv_analyze_c2ga.cpp">
      <Filter>GA</Filter>
    </ClCompile>
    <ClCompile Include="GA\mv_analyze_c3ga.cpp">
      <Filter>GA</Filter>
    </ClCompile>
    <ClCompile Include="GA\mv_analyze_e2ga.cpp">
      <Filter>GA</Filter>
    </ClCompile>
    <ClCompile Include="GA\mv_analyze_e3ga.cpp">
      <Filter>GA</Filter>
    </ClCompile>
    <ClCompile Include="GA\mv_analyze_h3ga.cpp">
      <Filter>GA</Filter>
    </ClCompile>
    <ClCompile Include="GA\timing.cpp">
      <Filter>GA</Filter>
    </ClCompile>
    <ClCompile Include="primitivedraw.cpp">
      <Filter>Source Files</Filter>
    </ClCompile>
    <ClCompile Include="Laplacian.cpp">
      <Filter>Source Files</Filter>
    </ClCompile>
    <ClCompile Include="GARotorEstimator.cpp">
      <Filter>Source Files</Filter>
    </ClCompile>
  </ItemGroup>
</Project>